// !$*UTF8*$!
{
	archiveVersion = 1;
	classes = {
	};
	objectVersion = 56;
	objects = {

/* Begin PBXBuildFile section */
		7D1E5FAD2C0A20950012504D /* LoginViewController.swift in Sources */ = {isa = PBXBuildFile; fileRef = 7D1E5FAC2C0A20950012504D /* LoginViewController.swift */; };
		7D1E5FAF2C0A20A10012504D /* LoginViewModel.swift in Sources */ = {isa = PBXBuildFile; fileRef = 7D1E5FAE2C0A20A10012504D /* LoginViewModel.swift */; };
		7D1E5FB42C0A23700012504D /* AppCoordinator.swift in Sources */ = {isa = PBXBuildFile; fileRef = 7D1E5FB32C0A23700012504D /* AppCoordinator.swift */; };
		7D1E5FB62C0A23AB0012504D /* LoginCoordinator.swift in Sources */ = {isa = PBXBuildFile; fileRef = 7D1E5FB52C0A23AB0012504D /* LoginCoordinator.swift */; };
		7D1E5FBA2C0A28080012504D /* MainTabCoordinator.swift in Sources */ = {isa = PBXBuildFile; fileRef = 7D1E5FB92C0A28080012504D /* MainTabCoordinator.swift */; };
		7D2981002C01E1D000A619FB /* AppDelegate.swift in Sources */ = {isa = PBXBuildFile; fileRef = 7D2980FF2C01E1D000A619FB /* AppDelegate.swift */; };
		7D2981022C01E1D000A619FB /* SceneDelegate.swift in Sources */ = {isa = PBXBuildFile; fileRef = 7D2981012C01E1D000A619FB /* SceneDelegate.swift */; };
		7D2981042C01E1D000A619FB /* MainTabViewController.swift in Sources */ = {isa = PBXBuildFile; fileRef = 7D2981032C01E1D000A619FB /* MainTabViewController.swift */; };
		7D2981092C01E1D300A619FB /* Assets.xcassets in Resources */ = {isa = PBXBuildFile; fileRef = 7D2981082C01E1D300A619FB /* Assets.xcassets */; };
		7D29810C2C01E1D300A619FB /* LaunchScreen.storyboard in Resources */ = {isa = PBXBuildFile; fileRef = 7D29810A2C01E1D300A619FB /* LaunchScreen.storyboard */; };
		7D29811E2C01EB8A00A619FB /* BaseViewController.swift in Sources */ = {isa = PBXBuildFile; fileRef = 7D29811D2C01EB8A00A619FB /* BaseViewController.swift */; };
		7D29812B2C01F22300A619FB /* FeaturedViewController.swift in Sources */ = {isa = PBXBuildFile; fileRef = 7D29812A2C01F22300A619FB /* FeaturedViewController.swift */; };
		7D29812D2C01F22B00A619FB /* FeaturedViewModel.swift in Sources */ = {isa = PBXBuildFile; fileRef = 7D29812C2C01F22B00A619FB /* FeaturedViewModel.swift */; };
		7D29812F2C01F23400A619FB /* SavedViewController.swift in Sources */ = {isa = PBXBuildFile; fileRef = 7D29812E2C01F23400A619FB /* SavedViewController.swift */; };
		7D2981312C01F23C00A619FB /* SavedViewModel.swift in Sources */ = {isa = PBXBuildFile; fileRef = 7D2981302C01F23C00A619FB /* SavedViewModel.swift */; };
		7D2981332C01F24500A619FB /* SettingsViewController.swift in Sources */ = {isa = PBXBuildFile; fileRef = 7D2981322C01F24500A619FB /* SettingsViewController.swift */; };
		7D2981352C01F25100A619FB /* SettingViewModel.swift in Sources */ = {isa = PBXBuildFile; fileRef = 7D2981342C01F25100A619FB /* SettingViewModel.swift */; };
		7D2981372C01F25B00A619FB /* APIService.swift in Sources */ = {isa = PBXBuildFile; fileRef = 7D2981362C01F25B00A619FB /* APIService.swift */; };
		7D29813B2C01F27B00A619FB /* SampleRequest.swift in Sources */ = {isa = PBXBuildFile; fileRef = 7D29813A2C01F27B00A619FB /* SampleRequest.swift */; };
		7D29813D2C01F28100A619FB /* SampleResponse.swift in Sources */ = {isa = PBXBuildFile; fileRef = 7D29813C2C01F28100A619FB /* SampleResponse.swift */; };
		7D29813F2C01F29200A619FB /* Sample+Extension.swift in Sources */ = {isa = PBXBuildFile; fileRef = 7D29813E2C01F29200A619FB /* Sample+Extension.swift */; };
		7D2981412C01F29D00A619FB /* SampleUI.swift in Sources */ = {isa = PBXBuildFile; fileRef = 7D2981402C01F29D00A619FB /* SampleUI.swift */; };
		7D2981432C01F2C200A619FB /* Localizable.strings in Resources */ = {isa = PBXBuildFile; fileRef = 7D2981422C01F2C200A619FB /* Localizable.strings */; };
		7D3E96282C061CD2003A6FA9 /* SampleUseCase.swift in Sources */ = {isa = PBXBuildFile; fileRef = 7D3E96272C061CD2003A6FA9 /* SampleUseCase.swift */; };
		7D3E962A2C061DA3003A6FA9 /* SampleAPI.swift in Sources */ = {isa = PBXBuildFile; fileRef = 7D3E96292C061DA3003A6FA9 /* SampleAPI.swift */; };
		C1F7B6D4D9D77FEE85D384AD /* Pods_ShowPot.framework in Frameworks */ = {isa = PBXBuildFile; fileRef = 999AEFD252970E325474DF96 /* Pods_ShowPot.framework */; };
/* End PBXBuildFile section */

/* Begin PBXFileReference section */
		1733A9B272CAB82DB9DCAB94 /* Pods-ShowPot.debug.xcconfig */ = {isa = PBXFileReference; includeInIndex = 1; lastKnownFileType = text.xcconfig; name = "Pods-ShowPot.debug.xcconfig"; path = "Target Support Files/Pods-ShowPot/Pods-ShowPot.debug.xcconfig"; sourceTree = "<group>"; };
		7D1E5FAC2C0A20950012504D /* LoginViewController.swift */ = {isa = PBXFileReference; lastKnownFileType = sourcecode.swift; path = LoginViewController.swift; sourceTree = "<group>"; };
		7D1E5FAE2C0A20A10012504D /* LoginViewModel.swift */ = {isa = PBXFileReference; lastKnownFileType = sourcecode.swift; path = LoginViewModel.swift; sourceTree = "<group>"; };
		7D1E5FB32C0A23700012504D /* AppCoordinator.swift */ = {isa = PBXFileReference; lastKnownFileType = sourcecode.swift; path = AppCoordinator.swift; sourceTree = "<group>"; };
		7D1E5FB52C0A23AB0012504D /* LoginCoordinator.swift */ = {isa = PBXFileReference; lastKnownFileType = sourcecode.swift; path = LoginCoordinator.swift; sourceTree = "<group>"; };
		7D1E5FB92C0A28080012504D /* MainTabCoordinator.swift */ = {isa = PBXFileReference; lastKnownFileType = sourcecode.swift; path = MainTabCoordinator.swift; sourceTree = "<group>"; };
		7D2980FC2C01E1D000A619FB /* ShowPot.app */ = {isa = PBXFileReference; explicitFileType = wrapper.application; includeInIndex = 0; path = ShowPot.app; sourceTree = BUILT_PRODUCTS_DIR; };
		7D2980FF2C01E1D000A619FB /* AppDelegate.swift */ = {isa = PBXFileReference; lastKnownFileType = sourcecode.swift; path = AppDelegate.swift; sourceTree = "<group>"; };
		7D2981012C01E1D000A619FB /* SceneDelegate.swift */ = {isa = PBXFileReference; lastKnownFileType = sourcecode.swift; path = SceneDelegate.swift; sourceTree = "<group>"; };
		7D2981032C01E1D000A619FB /* MainTabViewController.swift */ = {isa = PBXFileReference; lastKnownFileType = sourcecode.swift; path = MainTabViewController.swift; sourceTree = "<group>"; };
		7D2981082C01E1D300A619FB /* Assets.xcassets */ = {isa = PBXFileReference; lastKnownFileType = folder.assetcatalog; path = Assets.xcassets; sourceTree = "<group>"; };
		7D29810B2C01E1D300A619FB /* Base */ = {isa = PBXFileReference; lastKnownFileType = file.storyboard; name = Base; path = Base.lproj/LaunchScreen.storyboard; sourceTree = "<group>"; };
		7D29810D2C01E1D300A619FB /* Info.plist */ = {isa = PBXFileReference; lastKnownFileType = text.plist.xml; path = Info.plist; sourceTree = "<group>"; };
		7D29811D2C01EB8A00A619FB /* BaseViewController.swift */ = {isa = PBXFileReference; lastKnownFileType = sourcecode.swift; path = BaseViewController.swift; sourceTree = "<group>"; };
		7D29812A2C01F22300A619FB /* FeaturedViewController.swift */ = {isa = PBXFileReference; lastKnownFileType = sourcecode.swift; path = FeaturedViewController.swift; sourceTree = "<group>"; };
		7D29812C2C01F22B00A619FB /* FeaturedViewModel.swift */ = {isa = PBXFileReference; lastKnownFileType = sourcecode.swift; path = FeaturedViewModel.swift; sourceTree = "<group>"; };
		7D29812E2C01F23400A619FB /* SavedViewController.swift */ = {isa = PBXFileReference; lastKnownFileType = sourcecode.swift; path = SavedViewController.swift; sourceTree = "<group>"; };
		7D2981302C01F23C00A619FB /* SavedViewModel.swift */ = {isa = PBXFileReference; lastKnownFileType = sourcecode.swift; path = SavedViewModel.swift; sourceTree = "<group>"; };
		7D2981322C01F24500A619FB /* SettingsViewController.swift */ = {isa = PBXFileReference; lastKnownFileType = sourcecode.swift; path = SettingsViewController.swift; sourceTree = "<group>"; };
		7D2981342C01F25100A619FB /* SettingViewModel.swift */ = {isa = PBXFileReference; lastKnownFileType = sourcecode.swift; path = SettingViewModel.swift; sourceTree = "<group>"; };
		7D2981362C01F25B00A619FB /* APIService.swift */ = {isa = PBXFileReference; lastKnownFileType = sourcecode.swift; path = APIService.swift; sourceTree = "<group>"; };
		7D29813A2C01F27B00A619FB /* SampleRequest.swift */ = {isa = PBXFileReference; lastKnownFileType = sourcecode.swift; path = SampleRequest.swift; sourceTree = "<group>"; };
		7D29813C2C01F28100A619FB /* SampleResponse.swift */ = {isa = PBXFileReference; lastKnownFileType = sourcecode.swift; path = SampleResponse.swift; sourceTree = "<group>"; };
		7D29813E2C01F29200A619FB /* Sample+Extension.swift */ = {isa = PBXFileReference; lastKnownFileType = sourcecode.swift; path = "Sample+Extension.swift"; sourceTree = "<group>"; };
		7D2981402C01F29D00A619FB /* SampleUI.swift */ = {isa = PBXFileReference; lastKnownFileType = sourcecode.swift; path = SampleUI.swift; sourceTree = "<group>"; };
		7D2981422C01F2C200A619FB /* Localizable.strings */ = {isa = PBXFileReference; lastKnownFileType = text.plist.strings; path = Localizable.strings; sourceTree = "<group>"; };
		7D3E96272C061CD2003A6FA9 /* SampleUseCase.swift */ = {isa = PBXFileReference; lastKnownFileType = sourcecode.swift; path = SampleUseCase.swift; sourceTree = "<group>"; };
		7D3E96292C061DA3003A6FA9 /* SampleAPI.swift */ = {isa = PBXFileReference; lastKnownFileType = sourcecode.swift; path = SampleAPI.swift; sourceTree = "<group>"; };
		999AEFD252970E325474DF96 /* Pods_ShowPot.framework */ = {isa = PBXFileReference; explicitFileType = wrapper.framework; includeInIndex = 0; path = Pods_ShowPot.framework; sourceTree = BUILT_PRODUCTS_DIR; };
		D6D4A315F191B54F43DA7610 /* Pods-ShowPot.release.xcconfig */ = {isa = PBXFileReference; includeInIndex = 1; lastKnownFileType = text.xcconfig; name = "Pods-ShowPot.release.xcconfig"; path = "Target Support Files/Pods-ShowPot/Pods-ShowPot.release.xcconfig"; sourceTree = "<group>"; };
/* End PBXFileReference section */

/* Begin PBXFrameworksBuildPhase section */
		7D2980F92C01E1D000A619FB /* Frameworks */ = {
			isa = PBXFrameworksBuildPhase;
			buildActionMask = 2147483647;
			files = (
				C1F7B6D4D9D77FEE85D384AD /* Pods_ShowPot.framework in Frameworks */,
			);
			runOnlyForDeploymentPostprocessing = 0;
		};
/* End PBXFrameworksBuildPhase section */

/* Begin PBXGroup section */
		4DB9015F372058C1A94EF3BF /* Pods */ = {
			isa = PBXGroup;
			children = (
				1733A9B272CAB82DB9DCAB94 /* Pods-ShowPot.debug.xcconfig */,
				D6D4A315F191B54F43DA7610 /* Pods-ShowPot.release.xcconfig */,
			);
			path = Pods;
			sourceTree = "<group>";
		};
		7D1E5FB02C0A20A50012504D /* ViewController */ = {
			isa = PBXGroup;
			children = (
				7D1E5FAC2C0A20950012504D /* LoginViewController.swift */,
			);
			path = ViewController;
			sourceTree = "<group>";
		};
		7D1E5FB12C0A20AE0012504D /* ViewModel */ = {
			isa = PBXGroup;
			children = (
				7D1E5FAE2C0A20A10012504D /* LoginViewModel.swift */,
			);
			path = ViewModel;
			sourceTree = "<group>";
		};
		7D1E5FB22C0A20BB0012504D /* Login */ = {
			isa = PBXGroup;
			children = (
				7D1E5FB02C0A20A50012504D /* ViewController */,
				7D1E5FB12C0A20AE0012504D /* ViewModel */,
				7D1E5FB72C0A23B20012504D /* Coordinator */,
			);
			path = Login;
			sourceTree = "<group>";
		};
		7D1E5FB72C0A23B20012504D /* Coordinator */ = {
			isa = PBXGroup;
			children = (
				7D1E5FB52C0A23AB0012504D /* LoginCoordinator.swift */,
			);
			path = Coordinator;
			sourceTree = "<group>";
		};
		7D1E5FB82C0A27F30012504D /* Tab */ = {
			isa = PBXGroup;
			children = (
				7D2981032C01E1D000A619FB /* MainTabViewController.swift */,
				7D1E5FB92C0A28080012504D /* MainTabCoordinator.swift */,
				7D29811F2C01EC0C00A619FB /* Featured */,
				7D2981222C01EC3B00A619FB /* Saved */,
				7D2981252C01EC5200A619FB /* Settings */,
			);
			path = Tab;
			sourceTree = "<group>";
		};
		7D2980F32C01E1D000A619FB = {
			isa = PBXGroup;
			children = (
				7D2980FE2C01E1D000A619FB /* ShowPot */,
				7D2980FD2C01E1D000A619FB /* Products */,
				4DB9015F372058C1A94EF3BF /* Pods */,
				F2236FCD150B30783142EC44 /* Frameworks */,
			);
			sourceTree = "<group>";
		};
		7D2980FD2C01E1D000A619FB /* Products */ = {
			isa = PBXGroup;
			children = (
				7D2980FC2C01E1D000A619FB /* ShowPot.app */,
			);
			name = Products;
			sourceTree = "<group>";
		};
		7D2980FE2C01E1D000A619FB /* ShowPot */ = {
			isa = PBXGroup;
			children = (
				7D2981132C01E70A00A619FB /* Application */,
				7D2981142C01E71100A619FB /* Presentation */,
				7D2981172C01E7E700A619FB /* Common */,
				7D2981152C01E71E00A619FB /* Domain */,
				7D3E96242C06181C003A6FA9 /* Data */,
				7D2981162C01E7CA00A619FB /* Resource */,
			);
			path = ShowPot;
			sourceTree = "<group>";
		};
		7D2981132C01E70A00A619FB /* Application */ = {
			isa = PBXGroup;
			children = (
				7D2980FF2C01E1D000A619FB /* AppDelegate.swift */,
				7D2981012C01E1D000A619FB /* SceneDelegate.swift */,
				7D1E5FB32C0A23700012504D /* AppCoordinator.swift */,
			);
			path = Application;
			sourceTree = "<group>";
		};
		7D2981142C01E71100A619FB /* Presentation */ = {
			isa = PBXGroup;
			children = (
				7D29811B2C01EB5600A619FB /* Common */,
				7D29811C2C01EB6300A619FB /* Scene */,
			);
			path = Presentation;
			sourceTree = "<group>";
		};
		7D2981152C01E71E00A619FB /* Domain */ = {
			isa = PBXGroup;
			children = (
				7D3E96262C061C61003A6FA9 /* UseCase */,
				7D2981282C01ECC400A619FB /* Entity */,
			);
			path = Domain;
			sourceTree = "<group>";
		};
		7D2981162C01E7CA00A619FB /* Resource */ = {
			isa = PBXGroup;
			children = (
				7D29810D2C01E1D300A619FB /* Info.plist */,
				7D29810A2C01E1D300A619FB /* LaunchScreen.storyboard */,
				7D2981082C01E1D300A619FB /* Assets.xcassets */,
				7D29811A2C01EAD200A619FB /* Localizable */,
			);
			path = Resource;
			sourceTree = "<group>";
		};
		7D2981172C01E7E700A619FB /* Common */ = {
			isa = PBXGroup;
			children = (
				7D2981192C01E91300A619FB /* Extension */,
				7D2981182C01E90A00A619FB /* UI */,
			);
			path = Common;
			sourceTree = "<group>";
		};
		7D2981182C01E90A00A619FB /* UI */ = {
			isa = PBXGroup;
			children = (
				7D2981402C01F29D00A619FB /* SampleUI.swift */,
			);
			path = UI;
			sourceTree = "<group>";
		};
		7D2981192C01E91300A619FB /* Extension */ = {
			isa = PBXGroup;
			children = (
				7D29813E2C01F29200A619FB /* Sample+Extension.swift */,
			);
			path = Extension;
			sourceTree = "<group>";
		};
		7D29811A2C01EAD200A619FB /* Localizable */ = {
			isa = PBXGroup;
			children = (
				7D2981422C01F2C200A619FB /* Localizable.strings */,
			);
			path = Localizable;
			sourceTree = "<group>";
		};
		7D29811B2C01EB5600A619FB /* Common */ = {
			isa = PBXGroup;
			children = (
				7D29811D2C01EB8A00A619FB /* BaseViewController.swift */,
			);
			path = Common;
			sourceTree = "<group>";
		};
		7D29811C2C01EB6300A619FB /* Scene */ = {
			isa = PBXGroup;
			children = (
				7D1E5FB22C0A20BB0012504D /* Login */,
				7D1E5FB82C0A27F30012504D /* Tab */,
			);
			path = Scene;
			sourceTree = "<group>";
		};
		7D29811F2C01EC0C00A619FB /* Featured */ = {
			isa = PBXGroup;
			children = (
				7D2981202C01EC2200A619FB /* ViewController */,
				7D2981212C01EC2800A619FB /* ViewModel */,
			);
			path = Featured;
			sourceTree = "<group>";
		};
		7D2981202C01EC2200A619FB /* ViewController */ = {
			isa = PBXGroup;
			children = (
				7D29812A2C01F22300A619FB /* FeaturedViewController.swift */,
			);
			path = ViewController;
			sourceTree = "<group>";
		};
		7D2981212C01EC2800A619FB /* ViewModel */ = {
			isa = PBXGroup;
			children = (
				7D29812C2C01F22B00A619FB /* FeaturedViewModel.swift */,
			);
			path = ViewModel;
			sourceTree = "<group>";
		};
		7D2981222C01EC3B00A619FB /* Saved */ = {
			isa = PBXGroup;
			children = (
				7D2981242C01EC4900A619FB /* ViewController */,
				7D2981232C01EC4400A619FB /* ViewModel */,
			);
			path = Saved;
			sourceTree = "<group>";
		};
		7D2981232C01EC4400A619FB /* ViewModel */ = {
			isa = PBXGroup;
			children = (
				7D2981302C01F23C00A619FB /* SavedViewModel.swift */,
			);
			path = ViewModel;
			sourceTree = "<group>";
		};
		7D2981242C01EC4900A619FB /* ViewController */ = {
			isa = PBXGroup;
			children = (
				7D29812E2C01F23400A619FB /* SavedViewController.swift */,
			);
			path = ViewController;
			sourceTree = "<group>";
		};
		7D2981252C01EC5200A619FB /* Settings */ = {
			isa = PBXGroup;
			children = (
				7D2981272C01EC5B00A619FB /* ViewController */,
				7D2981262C01EC5700A619FB /* ViewModel */,
			);
			path = Settings;
			sourceTree = "<group>";
		};
		7D2981262C01EC5700A619FB /* ViewModel */ = {
			isa = PBXGroup;
			children = (
				7D2981342C01F25100A619FB /* SettingViewModel.swift */,
			);
			path = ViewModel;
			sourceTree = "<group>";
		};
		7D2981272C01EC5B00A619FB /* ViewController */ = {
			isa = PBXGroup;
			children = (
				7D2981322C01F24500A619FB /* SettingsViewController.swift */,
			);
			path = ViewController;
			sourceTree = "<group>";
		};
		7D2981282C01ECC400A619FB /* Entity */ = {
			isa = PBXGroup;
			children = (
				7D2981392C01F27300A619FB /* Request */,
				7D2981382C01F26F00A619FB /* Response */,
			);
			path = Entity;
			sourceTree = "<group>";
		};
		7D2981292C01EEC600A619FB /* Infrastructure */ = {
			isa = PBXGroup;
			children = (
				7D2981362C01F25B00A619FB /* APIService.swift */,
			);
			path = Infrastructure;
			sourceTree = "<group>";
		};
		7D2981382C01F26F00A619FB /* Response */ = {
			isa = PBXGroup;
			children = (
				7D29813C2C01F28100A619FB /* SampleResponse.swift */,
			);
			path = Response;
			sourceTree = "<group>";
		};
		7D2981392C01F27300A619FB /* Request */ = {
			isa = PBXGroup;
			children = (
				7D29813A2C01F27B00A619FB /* SampleRequest.swift */,
			);
			path = Request;
			sourceTree = "<group>";
		};
		7D3E96242C06181C003A6FA9 /* Data */ = {
			isa = PBXGroup;
			children = (
				7D3E96252C061BC4003A6FA9 /* Network */,
			);
			path = Data;
			sourceTree = "<group>";
		};
		7D3E96252C061BC4003A6FA9 /* Network */ = {
			isa = PBXGroup;
			children = (
				7D3E96292C061DA3003A6FA9 /* SampleAPI.swift */,
				7D2981292C01EEC600A619FB /* Infrastructure */,
			);
			path = Network;
			sourceTree = "<group>";
		};
		7D3E96262C061C61003A6FA9 /* UseCase */ = {
			isa = PBXGroup;
			children = (
				7D3E96272C061CD2003A6FA9 /* SampleUseCase.swift */,
			);
			path = UseCase;
			sourceTree = "<group>";
		};
		F2236FCD150B30783142EC44 /* Frameworks */ = {
			isa = PBXGroup;
			children = (
				999AEFD252970E325474DF96 /* Pods_ShowPot.framework */,
			);
			name = Frameworks;
			sourceTree = "<group>";
		};
/* End PBXGroup section */

/* Begin PBXNativeTarget section */
		7D2980FB2C01E1D000A619FB /* ShowPot */ = {
			isa = PBXNativeTarget;
			buildConfigurationList = 7D2981102C01E1D300A619FB /* Build configuration list for PBXNativeTarget "ShowPot" */;
			buildPhases = (
				8220FE5B76713878A128F991 /* [CP] Check Pods Manifest.lock */,
				7D2980F82C01E1D000A619FB /* Sources */,
				7D2980F92C01E1D000A619FB /* Frameworks */,
				7D2980FA2C01E1D000A619FB /* Resources */,
				EC4CEB0374A4406A2282F176 /* [CP] Embed Pods Frameworks */,
			);
			buildRules = (
			);
			dependencies = (
			);
			name = ShowPot;
			productName = ShowPot;
			productReference = 7D2980FC2C01E1D000A619FB /* ShowPot.app */;
			productType = "com.apple.product-type.application";
		};
/* End PBXNativeTarget section */

/* Begin PBXProject section */
		7D2980F42C01E1D000A619FB /* Project object */ = {
			isa = PBXProject;
			attributes = {
				BuildIndependentTargetsInParallel = 1;
				LastSwiftUpdateCheck = 1500;
				LastUpgradeCheck = 1500;
				TargetAttributes = {
					7D2980FB2C01E1D000A619FB = {
						CreatedOnToolsVersion = 15.0.1;
					};
				};
			};
			buildConfigurationList = 7D2980F72C01E1D000A619FB /* Build configuration list for PBXProject "ShowPot" */;
			compatibilityVersion = "Xcode 14.0";
			developmentRegion = en;
			hasScannedForEncodings = 0;
			knownRegions = (
				en,
				Base,
			);
			mainGroup = 7D2980F32C01E1D000A619FB;
			productRefGroup = 7D2980FD2C01E1D000A619FB /* Products */;
			projectDirPath = "";
			projectRoot = "";
			targets = (
				7D2980FB2C01E1D000A619FB /* ShowPot */,
			);
		};
/* End PBXProject section */

/* Begin PBXResourcesBuildPhase section */
		7D2980FA2C01E1D000A619FB /* Resources */ = {
			isa = PBXResourcesBuildPhase;
			buildActionMask = 2147483647;
			files = (
				7D29810C2C01E1D300A619FB /* LaunchScreen.storyboard in Resources */,
				7D2981432C01F2C200A619FB /* Localizable.strings in Resources */,
				7D2981092C01E1D300A619FB /* Assets.xcassets in Resources */,
			);
			runOnlyForDeploymentPostprocessing = 0;
		};
/* End PBXResourcesBuildPhase section */

/* Begin PBXShellScriptBuildPhase section */
		8220FE5B76713878A128F991 /* [CP] Check Pods Manifest.lock */ = {
			isa = PBXShellScriptBuildPhase;
			buildActionMask = 2147483647;
			files = (
			);
			inputFileListPaths = (
			);
			inputPaths = (
				"${PODS_PODFILE_DIR_PATH}/Podfile.lock",
				"${PODS_ROOT}/Manifest.lock",
			);
			name = "[CP] Check Pods Manifest.lock";
			outputFileListPaths = (
			);
			outputPaths = (
				"$(DERIVED_FILE_DIR)/Pods-ShowPot-checkManifestLockResult.txt",
			);
			runOnlyForDeploymentPostprocessing = 0;
			shellPath = /bin/sh;
			shellScript = "diff \"${PODS_PODFILE_DIR_PATH}/Podfile.lock\" \"${PODS_ROOT}/Manifest.lock\" > /dev/null\nif [ $? != 0 ] ; then\n    # print error to STDERR\n    echo \"error: The sandbox is not in sync with the Podfile.lock. Run 'pod install' or update your CocoaPods installation.\" >&2\n    exit 1\nfi\n# This output is used by Xcode 'outputs' to avoid re-running this script phase.\necho \"SUCCESS\" > \"${SCRIPT_OUTPUT_FILE_0}\"\n";
			showEnvVarsInLog = 0;
		};
		EC4CEB0374A4406A2282F176 /* [CP] Embed Pods Frameworks */ = {
			isa = PBXShellScriptBuildPhase;
			buildActionMask = 2147483647;
			files = (
			);
			inputFileListPaths = (
				"${PODS_ROOT}/Target Support Files/Pods-ShowPot/Pods-ShowPot-frameworks-${CONFIGURATION}-input-files.xcfilelist",
			);
			name = "[CP] Embed Pods Frameworks";
			outputFileListPaths = (
				"${PODS_ROOT}/Target Support Files/Pods-ShowPot/Pods-ShowPot-frameworks-${CONFIGURATION}-output-files.xcfilelist",
			);
			runOnlyForDeploymentPostprocessing = 0;
			shellPath = /bin/sh;
			shellScript = "\"${PODS_ROOT}/Target Support Files/Pods-ShowPot/Pods-ShowPot-frameworks.sh\"\n";
			showEnvVarsInLog = 0;
		};
/* End PBXShellScriptBuildPhase section */

/* Begin PBXSourcesBuildPhase section */
		7D2980F82C01E1D000A619FB /* Sources */ = {
			isa = PBXSourcesBuildPhase;
			buildActionMask = 2147483647;
			files = (
				7D1E5FAD2C0A20950012504D /* LoginViewController.swift in Sources */,
				7D2981042C01E1D000A619FB /* MainTabViewController.swift in Sources */,
				7D29813D2C01F28100A619FB /* SampleResponse.swift in Sources */,
				7D29811E2C01EB8A00A619FB /* BaseViewController.swift in Sources */,
				7D29813F2C01F29200A619FB /* Sample+Extension.swift in Sources */,
				7D1E5FBA2C0A28080012504D /* MainTabCoordinator.swift in Sources */,
				7D3E962A2C061DA3003A6FA9 /* SampleAPI.swift in Sources */,
				7D29812F2C01F23400A619FB /* SavedViewController.swift in Sources */,
				7D2981002C01E1D000A619FB /* AppDelegate.swift in Sources */,
				7D2981372C01F25B00A619FB /* APIService.swift in Sources */,
				7D1E5FB62C0A23AB0012504D /* LoginCoordinator.swift in Sources */,
				7D29813B2C01F27B00A619FB /* SampleRequest.swift in Sources */,
				7D2981022C01E1D000A619FB /* SceneDelegate.swift in Sources */,
				7D3E96282C061CD2003A6FA9 /* SampleUseCase.swift in Sources */,
				7D1E5FB42C0A23700012504D /* AppCoordinator.swift in Sources */,
				7D2981352C01F25100A619FB /* SettingViewModel.swift in Sources */,
				7D29812D2C01F22B00A619FB /* FeaturedViewModel.swift in Sources */,
				7D2981312C01F23C00A619FB /* SavedViewModel.swift in Sources */,
				7D2981412C01F29D00A619FB /* SampleUI.swift in Sources */,
				7D29812B2C01F22300A619FB /* FeaturedViewController.swift in Sources */,
				7D1E5FAF2C0A20A10012504D /* LoginViewModel.swift in Sources */,
				7D2981332C01F24500A619FB /* SettingsViewController.swift in Sources */,
			);
			runOnlyForDeploymentPostprocessing = 0;
		};
/* End PBXSourcesBuildPhase section */

/* Begin PBXVariantGroup section */
		7D29810A2C01E1D300A619FB /* LaunchScreen.storyboard */ = {
			isa = PBXVariantGroup;
			children = (
				7D29810B2C01E1D300A619FB /* Base */,
			);
			name = LaunchScreen.storyboard;
			sourceTree = "<group>";
		};
/* End PBXVariantGroup section */

/* Begin XCBuildConfiguration section */
		7D29810E2C01E1D300A619FB /* Debug */ = {
			isa = XCBuildConfiguration;
			buildSettings = {
				ALWAYS_SEARCH_USER_PATHS = NO;
				ASSETCATALOG_COMPILER_GENERATE_SWIFT_ASSET_SYMBOL_EXTENSIONS = YES;
				CLANG_ANALYZER_NONNULL = YES;
				CLANG_ANALYZER_NUMBER_OBJECT_CONVERSION = YES_AGGRESSIVE;
				CLANG_CXX_LANGUAGE_STANDARD = "gnu++20";
				CLANG_ENABLE_MODULES = YES;
				CLANG_ENABLE_OBJC_ARC = YES;
				CLANG_ENABLE_OBJC_WEAK = YES;
				CLANG_WARN_BLOCK_CAPTURE_AUTORELEASING = YES;
				CLANG_WARN_BOOL_CONVERSION = YES;
				CLANG_WARN_COMMA = YES;
				CLANG_WARN_CONSTANT_CONVERSION = YES;
				CLANG_WARN_DEPRECATED_OBJC_IMPLEMENTATIONS = YES;
				CLANG_WARN_DIRECT_OBJC_ISA_USAGE = YES_ERROR;
				CLANG_WARN_DOCUMENTATION_COMMENTS = YES;
				CLANG_WARN_EMPTY_BODY = YES;
				CLANG_WARN_ENUM_CONVERSION = YES;
				CLANG_WARN_INFINITE_RECURSION = YES;
				CLANG_WARN_INT_CONVERSION = YES;
				CLANG_WARN_NON_LITERAL_NULL_CONVERSION = YES;
				CLANG_WARN_OBJC_IMPLICIT_RETAIN_SELF = YES;
				CLANG_WARN_OBJC_LITERAL_CONVERSION = YES;
				CLANG_WARN_OBJC_ROOT_CLASS = YES_ERROR;
				CLANG_WARN_QUOTED_INCLUDE_IN_FRAMEWORK_HEADER = YES;
				CLANG_WARN_RANGE_LOOP_ANALYSIS = YES;
				CLANG_WARN_STRICT_PROTOTYPES = YES;
				CLANG_WARN_SUSPICIOUS_MOVE = YES;
				CLANG_WARN_UNGUARDED_AVAILABILITY = YES_AGGRESSIVE;
				CLANG_WARN_UNREACHABLE_CODE = YES;
				CLANG_WARN__DUPLICATE_METHOD_MATCH = YES;
				COPY_PHASE_STRIP = NO;
				DEBUG_INFORMATION_FORMAT = dwarf;
				ENABLE_STRICT_OBJC_MSGSEND = YES;
				ENABLE_TESTABILITY = YES;
				ENABLE_USER_SCRIPT_SANDBOXING = YES;
				GCC_C_LANGUAGE_STANDARD = gnu17;
				GCC_DYNAMIC_NO_PIC = NO;
				GCC_NO_COMMON_BLOCKS = YES;
				GCC_OPTIMIZATION_LEVEL = 0;
				GCC_PREPROCESSOR_DEFINITIONS = (
					"DEBUG=1",
					"$(inherited)",
				);
				GCC_WARN_64_TO_32_BIT_CONVERSION = YES;
				GCC_WARN_ABOUT_RETURN_TYPE = YES_ERROR;
				GCC_WARN_UNDECLARED_SELECTOR = YES;
				GCC_WARN_UNINITIALIZED_AUTOS = YES_AGGRESSIVE;
				GCC_WARN_UNUSED_FUNCTION = YES;
				GCC_WARN_UNUSED_VARIABLE = YES;
				IPHONEOS_DEPLOYMENT_TARGET = 16.0;
				LOCALIZATION_PREFERS_STRING_CATALOGS = YES;
				MTL_ENABLE_DEBUG_INFO = INCLUDE_SOURCE;
				MTL_FAST_MATH = YES;
				ONLY_ACTIVE_ARCH = YES;
				SDKROOT = iphoneos;
				SWIFT_ACTIVE_COMPILATION_CONDITIONS = "DEBUG $(inherited)";
				SWIFT_OPTIMIZATION_LEVEL = "-Onone";
			};
			name = Debug;
		};
		7D29810F2C01E1D300A619FB /* Release */ = {
			isa = XCBuildConfiguration;
			buildSettings = {
				ALWAYS_SEARCH_USER_PATHS = NO;
				ASSETCATALOG_COMPILER_GENERATE_SWIFT_ASSET_SYMBOL_EXTENSIONS = YES;
				CLANG_ANALYZER_NONNULL = YES;
				CLANG_ANALYZER_NUMBER_OBJECT_CONVERSION = YES_AGGRESSIVE;
				CLANG_CXX_LANGUAGE_STANDARD = "gnu++20";
				CLANG_ENABLE_MODULES = YES;
				CLANG_ENABLE_OBJC_ARC = YES;
				CLANG_ENABLE_OBJC_WEAK = YES;
				CLANG_WARN_BLOCK_CAPTURE_AUTORELEASING = YES;
				CLANG_WARN_BOOL_CONVERSION = YES;
				CLANG_WARN_COMMA = YES;
				CLANG_WARN_CONSTANT_CONVERSION = YES;
				CLANG_WARN_DEPRECATED_OBJC_IMPLEMENTATIONS = YES;
				CLANG_WARN_DIRECT_OBJC_ISA_USAGE = YES_ERROR;
				CLANG_WARN_DOCUMENTATION_COMMENTS = YES;
				CLANG_WARN_EMPTY_BODY = YES;
				CLANG_WARN_ENUM_CONVERSION = YES;
				CLANG_WARN_INFINITE_RECURSION = YES;
				CLANG_WARN_INT_CONVERSION = YES;
				CLANG_WARN_NON_LITERAL_NULL_CONVERSION = YES;
				CLANG_WARN_OBJC_IMPLICIT_RETAIN_SELF = YES;
				CLANG_WARN_OBJC_LITERAL_CONVERSION = YES;
				CLANG_WARN_OBJC_ROOT_CLASS = YES_ERROR;
				CLANG_WARN_QUOTED_INCLUDE_IN_FRAMEWORK_HEADER = YES;
				CLANG_WARN_RANGE_LOOP_ANALYSIS = YES;
				CLANG_WARN_STRICT_PROTOTYPES = YES;
				CLANG_WARN_SUSPICIOUS_MOVE = YES;
				CLANG_WARN_UNGUARDED_AVAILABILITY = YES_AGGRESSIVE;
				CLANG_WARN_UNREACHABLE_CODE = YES;
				CLANG_WARN__DUPLICATE_METHOD_MATCH = YES;
				COPY_PHASE_STRIP = NO;
				DEBUG_INFORMATION_FORMAT = "dwarf-with-dsym";
				ENABLE_NS_ASSERTIONS = NO;
				ENABLE_STRICT_OBJC_MSGSEND = YES;
				ENABLE_USER_SCRIPT_SANDBOXING = YES;
				GCC_C_LANGUAGE_STANDARD = gnu17;
				GCC_NO_COMMON_BLOCKS = YES;
				GCC_WARN_64_TO_32_BIT_CONVERSION = YES;
				GCC_WARN_ABOUT_RETURN_TYPE = YES_ERROR;
				GCC_WARN_UNDECLARED_SELECTOR = YES;
				GCC_WARN_UNINITIALIZED_AUTOS = YES_AGGRESSIVE;
				GCC_WARN_UNUSED_FUNCTION = YES;
				GCC_WARN_UNUSED_VARIABLE = YES;
				IPHONEOS_DEPLOYMENT_TARGET = 16.0;
				LOCALIZATION_PREFERS_STRING_CATALOGS = YES;
				MTL_ENABLE_DEBUG_INFO = NO;
				MTL_FAST_MATH = YES;
				SDKROOT = iphoneos;
				SWIFT_COMPILATION_MODE = wholemodule;
				VALIDATE_PRODUCT = YES;
			};
			name = Release;
		};
		7D2981112C01E1D300A619FB /* Debug */ = {
			isa = XCBuildConfiguration;
			baseConfigurationReference = 1733A9B272CAB82DB9DCAB94 /* Pods-ShowPot.debug.xcconfig */;
			buildSettings = {
				ASSETCATALOG_COMPILER_APPICON_NAME = AppIcon;
				ASSETCATALOG_COMPILER_GLOBAL_ACCENT_COLOR_NAME = AccentColor;
				CODE_SIGN_STYLE = Automatic;
				CURRENT_PROJECT_VERSION = 1;
				DEVELOPMENT_TEAM = ZW6466CHF4;
				ENABLE_USER_SCRIPT_SANDBOXING = NO;
				GENERATE_INFOPLIST_FILE = YES;
				INFOPLIST_FILE = ShowPot/Resource/Info.plist;
				INFOPLIST_KEY_UIApplicationSupportsIndirectInputEvents = YES;
				INFOPLIST_KEY_UILaunchStoryboardName = LaunchScreen;
				INFOPLIST_KEY_UISupportedInterfaceOrientations = UIInterfaceOrientationPortrait;
				INFOPLIST_KEY_UISupportedInterfaceOrientations_iPad = "UIInterfaceOrientationLandscapeLeft UIInterfaceOrientationLandscapeRight UIInterfaceOrientationPortrait UIInterfaceOrientationPortraitUpsideDown";
				IPHONEOS_DEPLOYMENT_TARGET = 16.0;
				LD_RUNPATH_SEARCH_PATHS = (
					"$(inherited)",
					"@executable_path/Frameworks",
				);
				MARKETING_VERSION = 1.0;
				PRODUCT_BUNDLE_IDENTIFIER = com.AlreadyOccupiedSeat.ShowPot;
				PRODUCT_NAME = "$(TARGET_NAME)";
				SUPPORTED_PLATFORMS = "iphoneos iphonesimulator";
				SUPPORTS_MACCATALYST = NO;
				SWIFT_EMIT_LOC_STRINGS = YES;
				SWIFT_VERSION = 5.0;
				TARGETED_DEVICE_FAMILY = 1;
			};
			name = Debug;
		};
		7D2981122C01E1D300A619FB /* Release */ = {
			isa = XCBuildConfiguration;
			baseConfigurationReference = D6D4A315F191B54F43DA7610 /* Pods-ShowPot.release.xcconfig */;
			buildSettings = {
				ASSETCATALOG_COMPILER_APPICON_NAME = AppIcon;
				ASSETCATALOG_COMPILER_GLOBAL_ACCENT_COLOR_NAME = AccentColor;
				CODE_SIGN_STYLE = Automatic;
				CURRENT_PROJECT_VERSION = 1;
				DEVELOPMENT_TEAM = ZW6466CHF4;
				ENABLE_USER_SCRIPT_SANDBOXING = NO;
				GENERATE_INFOPLIST_FILE = YES;
				INFOPLIST_FILE = ShowPot/Resource/Info.plist;
				INFOPLIST_KEY_UIApplicationSupportsIndirectInputEvents = YES;
				INFOPLIST_KEY_UILaunchStoryboardName = LaunchScreen;
				INFOPLIST_KEY_UISupportedInterfaceOrientations = UIInterfaceOrientationPortrait;
				INFOPLIST_KEY_UISupportedInterfaceOrientations_iPad = "UIInterfaceOrientationLandscapeLeft UIInterfaceOrientationLandscapeRight UIInterfaceOrientationPortrait UIInterfaceOrientationPortraitUpsideDown";
				IPHONEOS_DEPLOYMENT_TARGET = 16.0;
				LD_RUNPATH_SEARCH_PATHS = (
					"$(inherited)",
					"@executable_path/Frameworks",
				);
				MARKETING_VERSION = 1.0;
				PRODUCT_BUNDLE_IDENTIFIER = com.AlreadyOccupiedSeat.ShowPot;
				PRODUCT_NAME = "$(TARGET_NAME)";
				SUPPORTED_PLATFORMS = "iphoneos iphonesimulator";
				SUPPORTS_MACCATALYST = NO;
				SWIFT_ACTIVE_COMPILATION_CONDITIONS = RELEASE;
				SWIFT_EMIT_LOC_STRINGS = YES;
				SWIFT_VERSION = 5.0;
				TARGETED_DEVICE_FAMILY = 1;
			};
			name = Release;
		};
/* End XCBuildConfiguration section */

/* Begin XCConfigurationList section */
		7D2980F72C01E1D000A619FB /* Build configuration list for PBXProject "ShowPot" */ = {
			isa = XCConfigurationList;
			buildConfigurations = (
				7D29810E2C01E1D300A619FB /* Debug */,
				7D29810F2C01E1D300A619FB /* Release */,
			);
			defaultConfigurationIsVisible = 0;
			defaultConfigurationName = Release;
		};
		7D2981102C01E1D300A619FB /* Build configuration list for PBXNativeTarget "ShowPot" */ = {
			isa = XCConfigurationList;
			buildConfigurations = (
				7D2981112C01E1D300A619FB /* Debug */,
				7D2981122C01E1D300A619FB /* Release */,
			);
			defaultConfigurationIsVisible = 0;
			defaultConfigurationName = Release;
		};
/* End XCConfigurationList section */
	};
	rootObject = 7D2980F42C01E1D000A619FB /* Project object */;
}
